
Microsoft Visual Studio Solution File, Format Version 12.00
# Visual Studio Version 16
VisualStudioVersion = 16.0.29609.76
MinimumVisualStudioVersion = 10.0.40219.1
Project("{9A19103F-16F7-4668-BE54-9A1E7A4F7556}") = "dotaMod", "dotaMod.csproj", "{634CB522-0E42-493F-9B4E-7D4E056ADDCA}"
EndProject
Global
	GlobalSection(SolutionConfigurationPlatforms) = preSolution
		Debug|Any CPU = Debug|Any CPU
		Release|Any CPU = Release|Any CPU
	EndGlobalSection
	GlobalSection(ProjectConfigurationPlatforms) = postSolution
		{634CB522-0E42-493F-9B4E-7D4E056ADDCA}.Debug|Any CPU.ActiveCfg = Debug|Any CPU
		{634CB522-0E42-493F-9B4E-7D4E056ADDCA}.Debug|Any CPU.Build.0 = Debug|Any CPU
		{634CB522-0E42-493F-9B4E-7D4E056ADDCA}.Release|Any CPU.ActiveCfg = Release|Any CPU
		{634CB522-0E42-493F-9B4E-7D4E056ADDCA}.Release|Any CPU.Build.0 = Release|Any CPU
	EndGlobalSection
	GlobalSection(SolutionProperties) = preSolution
		HideSolutionNode = FALSE
	EndGlobalSection
	GlobalSection(ExtensibilityGlobals) = postSolution
		SolutionGuid = {63BCB3F6-B578-4E04-AC1F-955FF1CAC3DE}
	EndGlobalSection
EndGlobal
